
Microsoft Visual Studio Solution File, Format Version 12.00
# Visual Studio Version 16
VisualStudioVersion = 16.0.32413.511
MinimumVisualStudioVersion = 10.0.40219.1
Project("{FAE04EC0-301F-11D3-BF4B-00C04F79EFBC}") = "FormCollectionDemo", "FormCollectionDemo\FormCollectionDemo.csproj", "{5CFA983B-5C00-4404-96FB-1A1C50A715D5}"
EndProject
Global
	GlobalSection(SolutionConfigurationPlatforms) = preSolution
		Debug|Any CPU = Debug|Any CPU
		Release|Any CPU = Release|Any CPU
	EndGlobalSection
	GlobalSection(ProjectConfigurationPlatforms) = postSolution
		{5CFA983B-5C00-4404-96FB-1A1C50A715D5}.Debug|Any CPU.ActiveCfg = Debug|Any CPU
		{5CFA983B-5C00-4404-96FB-1A1C50A715D5}.Debug|Any CPU.Build.0 = Debug|Any CPU
		{5CFA983B-5C00-4404-96FB-1A1C50A715D5}.Release|Any CPU.ActiveCfg = Release|Any CPU
		{5CFA983B-5C00-4404-96FB-1A1C50A715D5}.Release|Any CPU.Build.0 = Release|Any CPU
	EndGlobalSection
	GlobalSection(SolutionProperties) = preSolution
		HideSolutionNode = FALSE
	EndGlobalSection
	GlobalSection(ExtensibilityGlobals) = postSolution
		SolutionGuid = {8F811652-8386-4958-8DFD-59A38C2BB6C6}
	EndGlobalSection
EndGlobal
